
Microsoft Visual Studio Solution File, Format Version 12.00
# Visual Studio Version 17
VisualStudioVersion = 17.14.36212.18 d17.14
MinimumVisualStudioVersion = 10.0.40219.1
Project("{FAE04EC0-301F-11D3-BF4B-00C04F79EFBC}") = "AppCalculatrice", "AppCalculatrice.csproj", "{CF20D5B4-C63D-4F7D-B850-F6903874DCAE}"
EndProject
Global
	GlobalSection(SolutionConfigurationPlatforms) = preSolution
		Debug|Any CPU = Debug|Any CPU
		Release|Any CPU = Release|Any CPU
	EndGlobalSection
	GlobalSection(ProjectConfigurationPlatforms) = postSolution
		{CF20D5B4-C63D-4F7D-B850-F6903874DCAE}.Debug|Any CPU.ActiveCfg = Debug|Any CPU
		{CF20D5B4-C63D-4F7D-B850-F6903874DCAE}.Debug|Any CPU.Build.0 = Debug|Any CPU
		{CF20D5B4-C63D-4F7D-B850-F6903874DCAE}.Release|Any CPU.ActiveCfg = Release|Any CPU
		{CF20D5B4-C63D-4F7D-B850-F6903874DCAE}.Release|Any CPU.Build.0 = Release|Any CPU
	EndGlobalSection
	GlobalSection(SolutionProperties) = preSolution
		HideSolutionNode = FALSE
	EndGlobalSection
	GlobalSection(ExtensibilityGlobals) = postSolution
		SolutionGuid = {E6B42F76-BAC7-41D7-AD77-AA02C5C63F62}
	EndGlobalSection
EndGlobal
